
Microsoft Visual Studio Solution File, Format Version 12.00
# Visual Studio Version 17
VisualStudioVersion = 17.0.31903.59
MinimumVisualStudioVersion = 10.0.40219.1
Project("{2150E333-8FDC-42A3-9474-1A3956D46DE8}") = "src", "src", "{827E0CD3-B72D-47B6-A68D-7590B98EB39B}"
EndProject
Project("{FAE04EC0-301F-11D3-BF4B-00C04F79EFBC}") = "Platform.Canonical", "src\Platform.Canonical\Platform.Canonical.csproj", "{E3BCAF56-C130-47E0-94ED-7FA19E860800}"
EndProject
Project("{FAE04EC0-301F-11D3-BF4B-00C04F79EFBC}") = "Uof.Adapter", "src\Uof.Adapter\Uof.Adapter.csproj", "{580566C5-6B61-4E73-B015-D2B67CDD701E}"
EndProject
Project("{2150E333-8FDC-42A3-9474-1A3956D46DE8}") = "tests", "tests", "{0AB3BF05-4346-4AA6-1389-037BE0695223}"
EndProject
Project("{FAE04EC0-301F-11D3-BF4B-00C04F79EFBC}") = "Platform.Tests", "tests\Platform.Tests\Platform.Tests.csproj", "{22BE97E8-DEA6-41C3-9866-9A906717D7FB}"
EndProject
Project("{FAE04EC0-301F-11D3-BF4B-00C04F79EFBC}") = "Admin.Api", "src\Admin.Api\Admin.Api.csproj", "{90AE009A-20FA-43FA-B5A5-E8FDC7087FF9}"
EndProject
Project("{FAE04EC0-301F-11D3-BF4B-00C04F79EFBC}") = "Bo.Core", "src\Bo.Core\Bo.Core.csproj", "{130A9078-B02E-4FF2-8CD3-E4565822B6D2}"
EndProject
Project("{FAE04EC0-301F-11D3-BF4B-00C04F79EFBC}") = "Bo.Api", "src\Bo.Api\Bo.Api.csproj", "{5962E073-D67E-4B46-8D8B-5A324914C024}"
EndProject
Project("{FAE04EC0-301F-11D3-BF4B-00C04F79EFBC}") = "Bo.Tests", "tests\Bo.Tests\Bo.Tests.csproj", "{6852C60B-2572-417D-853F-61061423500B}"
EndProject
Global
	GlobalSection(SolutionConfigurationPlatforms) = preSolution
		Debug|Any CPU = Debug|Any CPU
		Debug|x64 = Debug|x64
		Debug|x86 = Debug|x86
		Release|Any CPU = Release|Any CPU
		Release|x64 = Release|x64
		Release|x86 = Release|x86
	EndGlobalSection
	GlobalSection(ProjectConfigurationPlatforms) = postSolution
		{E3BCAF56-C130-47E0-94ED-7FA19E860800}.Debug|Any CPU.ActiveCfg = Debug|Any CPU
		{E3BCAF56-C130-47E0-94ED-7FA19E860800}.Debug|Any CPU.Build.0 = Debug|Any CPU
		{E3BCAF56-C130-47E0-94ED-7FA19E860800}.Debug|x64.ActiveCfg = Debug|Any CPU
		{E3BCAF56-C130-47E0-94ED-7FA19E860800}.Debug|x64.Build.0 = Debug|Any CPU
		{E3BCAF56-C130-47E0-94ED-7FA19E860800}.Debug|x86.ActiveCfg = Debug|Any CPU
		{E3BCAF56-C130-47E0-94ED-7FA19E860800}.Debug|x86.Build.0 = Debug|Any CPU
		{E3BCAF56-C130-47E0-94ED-7FA19E860800}.Release|Any CPU.ActiveCfg = Release|Any CPU
		{E3BCAF56-C130-47E0-94ED-7FA19E860800}.Release|Any CPU.Build.0 = Release|Any CPU
		{E3BCAF56-C130-47E0-94ED-7FA19E860800}.Release|x64.ActiveCfg = Release|Any CPU
		{E3BCAF56-C130-47E0-94ED-7FA19E860800}.Release|x64.Build.0 = Release|Any CPU
		{E3BCAF56-C130-47E0-94ED-7FA19E860800}.Release|x86.ActiveCfg = Release|Any CPU
		{E3BCAF56-C130-47E0-94ED-7FA19E860800}.Release|x86.Build.0 = Release|Any CPU
		{580566C5-6B61-4E73-B015-D2B67CDD701E}.Debug|Any CPU.ActiveCfg = Debug|Any CPU
		{580566C5-6B61-4E73-B015-D2B67CDD701E}.Debug|Any CPU.Build.0 = Debug|Any CPU
		{580566C5-6B61-4E73-B015-D2B67CDD701E}.Debug|x64.ActiveCfg = Debug|Any CPU
		{580566C5-6B61-4E73-B015-D2B67CDD701E}.Debug|x64.Build.0 = Debug|Any CPU
		{580566C5-6B61-4E73-B015-D2B67CDD701E}.Debug|x86.ActiveCfg = Debug|Any CPU
		{580566C5-6B61-4E73-B015-D2B67CDD701E}.Debug|x86.Build.0 = Debug|Any CPU
		{580566C5-6B61-4E73-B015-D2B67CDD701E}.Release|Any CPU.ActiveCfg = Release|Any CPU
		{580566C5-6B61-4E73-B015-D2B67CDD701E}.Release|Any CPU.Build.0 = Release|Any CPU
		{580566C5-6B61-4E73-B015-D2B67CDD701E}.Release|x64.ActiveCfg = Release|Any CPU
		{580566C5-6B61-4E73-B015-D2B67CDD701E}.Release|x64.Build.0 = Release|Any CPU
		{580566C5-6B61-4E73-B015-D2B67CDD701E}.Release|x86.ActiveCfg = Release|Any CPU
		{580566C5-6B61-4E73-B015-D2B67CDD701E}.Release|x86.Build.0 = Release|Any CPU
		{22BE97E8-DEA6-41C3-9866-9A906717D7FB}.Debug|Any CPU.ActiveCfg = Debug|Any CPU
		{22BE97E8-DEA6-41C3-9866-9A906717D7FB}.Debug|Any CPU.Build.0 = Debug|Any CPU
		{22BE97E8-DEA6-41C3-9866-9A906717D7FB}.Debug|x64.ActiveCfg = Debug|Any CPU
		{22BE97E8-DEA6-41C3-9866-9A906717D7FB}.Debug|x64.Build.0 = Debug|Any CPU
		{22BE97E8-DEA6-41C3-9866-9A906717D7FB}.Debug|x86.ActiveCfg = Debug|Any CPU
		{22BE97E8-DEA6-41C3-9866-9A906717D7FB}.Debug|x86.Build.0 = Debug|Any CPU
		{22BE97E8-DEA6-41C3-9866-9A906717D7FB}.Release|Any CPU.ActiveCfg = Release|Any CPU
		{22BE97E8-DEA6-41C3-9866-9A906717D7FB}.Release|Any CPU.Build.0 = Release|Any CPU
		{22BE97E8-DEA6-41C3-9866-9A906717D7FB}.Release|x64.ActiveCfg = Release|Any CPU
		{22BE97E8-DEA6-41C3-9866-9A906717D7FB}.Release|x64.Build.0 = Release|Any CPU
		{22BE97E8-DEA6-41C3-9866-9A906717D7FB}.Release|x86.ActiveCfg = Release|Any CPU
		{22BE97E8-DEA6-41C3-9866-9A906717D7FB}.Release|x86.Build.0 = Release|Any CPU
		{90AE009A-20FA-43FA-B5A5-E8FDC7087FF9}.Debug|Any CPU.ActiveCfg = Debug|Any CPU
		{90AE009A-20FA-43FA-B5A5-E8FDC7087FF9}.Debug|Any CPU.Build.0 = Debug|Any CPU
		{90AE009A-20FA-43FA-B5A5-E8FDC7087FF9}.Debug|x64.ActiveCfg = Debug|Any CPU
		{90AE009A-20FA-43FA-B5A5-E8FDC7087FF9}.Debug|x64.Build.0 = Debug|Any CPU
		{90AE009A-20FA-43FA-B5A5-E8FDC7087FF9}.Debug|x86.ActiveCfg = Debug|Any CPU
		{90AE009A-20FA-43FA-B5A5-E8FDC7087FF9}.Debug|x86.Build.0 = Debug|Any CPU
		{90AE009A-20FA-43FA-B5A5-E8FDC7087FF9}.Release|Any CPU.ActiveCfg = Release|Any CPU
		{90AE009A-20FA-43FA-B5A5-E8FDC7087FF9}.Release|Any CPU.Build.0 = Release|Any CPU
		{90AE009A-20FA-43FA-B5A5-E8FDC7087FF9}.Release|x64.ActiveCfg = Release|Any CPU
		{90AE009A-20FA-43FA-B5A5-E8FDC7087FF9}.Release|x64.Build.0 = Release|Any CPU
		{90AE009A-20FA-43FA-B5A5-E8FDC7087FF9}.Release|x86.ActiveCfg = Release|Any CPU
		{90AE009A-20FA-43FA-B5A5-E8FDC7087FF9}.Release|x86.Build.0 = Release|Any CPU
		{130A9078-B02E-4FF2-8CD3-E4565822B6D2}.Debug|Any CPU.ActiveCfg = Debug|Any CPU
		{130A9078-B02E-4FF2-8CD3-E4565822B6D2}.Debug|Any CPU.Build.0 = Debug|Any CPU
		{130A9078-B02E-4FF2-8CD3-E4565822B6D2}.Debug|x64.ActiveCfg = Debug|Any CPU
		{130A9078-B02E-4FF2-8CD3-E4565822B6D2}.Debug|x64.Build.0 = Debug|Any CPU
		{130A9078-B02E-4FF2-8CD3-E4565822B6D2}.Debug|x86.ActiveCfg = Debug|Any CPU
		{130A9078-B02E-4FF2-8CD3-E4565822B6D2}.Debug|x86.Build.0 = Debug|Any CPU
		{130A9078-B02E-4FF2-8CD3-E4565822B6D2}.Release|Any CPU.ActiveCfg = Release|Any CPU
		{130A9078-B02E-4FF2-8CD3-E4565822B6D2}.Release|Any CPU.Build.0 = Release|Any CPU
		{130A9078-B02E-4FF2-8CD3-E4565822B6D2}.Release|x64.ActiveCfg = Release|Any CPU
		{130A9078-B02E-4FF2-8CD3-E4565822B6D2}.Release|x64.Build.0 = Release|Any CPU
		{130A9078-B02E-4FF2-8CD3-E4565822B6D2}.Release|x86.ActiveCfg = Release|Any CPU
		{130A9078-B02E-4FF2-8CD3-E4565822B6D2}.Release|x86.Build.0 = Release|Any CPU
		{5962E073-D67E-4B46-8D8B-5A324914C024}.Debug|Any CPU.ActiveCfg = Debug|Any CPU
		{5962E073-D67E-4B46-8D8B-5A324914C024}.Debug|Any CPU.Build.0 = Debug|Any CPU
		{5962E073-D67E-4B46-8D8B-5A324914C024}.Debug|x64.ActiveCfg = Debug|Any CPU
		{5962E073-D67E-4B46-8D8B-5A324914C024}.Debug|x64.Build.0 = Debug|Any CPU
		{5962E073-D67E-4B46-8D8B-5A324914C024}.Debug|x86.ActiveCfg = Debug|Any CPU
		{5962E073-D67E-4B46-8D8B-5A324914C024}.Debug|x86.Build.0 = Debug|Any CPU
		{5962E073-D67E-4B46-8D8B-5A324914C024}.Release|Any CPU.ActiveCfg = Release|Any CPU
		{5962E073-D67E-4B46-8D8B-5A324914C024}.Release|Any CPU.Build.0 = Release|Any CPU
		{5962E073-D67E-4B46-8D8B-5A324914C024}.Release|x64.ActiveCfg = Release|Any CPU
		{5962E073-D67E-4B46-8D8B-5A324914C024}.Release|x64.Build.0 = Release|Any CPU
		{5962E073-D67E-4B46-8D8B-5A324914C024}.Release|x86.ActiveCfg = Release|Any CPU
		{5962E073-D67E-4B46-8D8B-5A324914C024}.Release|x86.Build.0 = Release|Any CPU
		{6852C60B-2572-417D-853F-61061423500B}.Debug|Any CPU.ActiveCfg = Debug|Any CPU
		{6852C60B-2572-417D-853F-61061423500B}.Debug|Any CPU.Build.0 = Debug|Any CPU
		{6852C60B-2572-417D-853F-61061423500B}.Debug|x64.ActiveCfg = Debug|Any CPU
		{6852C60B-2572-417D-853F-61061423500B}.Debug|x64.Build.0 = Debug|Any CPU
		{6852C60B-2572-417D-853F-61061423500B}.Debug|x86.ActiveCfg = Debug|Any CPU
		{6852C60B-2572-417D-853F-61061423500B}.Debug|x86.Build.0 = Debug|Any CPU
		{6852C60B-2572-417D-853F-61061423500B}.Release|Any CPU.ActiveCfg = Release|Any CPU
		{6852C60B-2572-417D-853F-61061423500B}.Release|Any CPU.Build.0 = Release|Any CPU
		{6852C60B-2572-417D-853F-61061423500B}.Release|x64.ActiveCfg = Release|Any CPU
		{6852C60B-2572-417D-853F-61061423500B}.Release|x64.Build.0 = Release|Any CPU
		{6852C60B-2572-417D-853F-61061423500B}.Release|x86.ActiveCfg = Release|Any CPU
		{6852C60B-2572-417D-853F-61061423500B}.Release|x86.Build.0 = Release|Any CPU
	EndGlobalSection
	GlobalSection(SolutionProperties) = preSolution
		HideSolutionNode = FALSE
	EndGlobalSection
	GlobalSection(NestedProjects) = preSolution
		{E3BCAF56-C130-47E0-94ED-7FA19E860800} = {827E0CD3-B72D-47B6-A68D-7590B98EB39B}
		{580566C5-6B61-4E73-B015-D2B67CDD701E} = {827E0CD3-B72D-47B6-A68D-7590B98EB39B}
		{22BE97E8-DEA6-41C3-9866-9A906717D7FB} = {0AB3BF05-4346-4AA6-1389-037BE0695223}
		{90AE009A-20FA-43FA-B5A5-E8FDC7087FF9} = {827E0CD3-B72D-47B6-A68D-7590B98EB39B}
		{130A9078-B02E-4FF2-8CD3-E4565822B6D2} = {827E0CD3-B72D-47B6-A68D-7590B98EB39B}
		{5962E073-D67E-4B46-8D8B-5A324914C024} = {827E0CD3-B72D-47B6-A68D-7590B98EB39B}
		{6852C60B-2572-417D-853F-61061423500B} = {0AB3BF05-4346-4AA6-1389-037BE0695223}
	EndGlobalSection
EndGlobal
